# This file is generated by running "yarn install" inside your project.
# Manual changes might be lost - proceed with caution!

__metadata:
  version: 5
  cacheKey: 8

"@types/prop-types@npm:*":
  version: 15.7.4
  resolution: "@types/prop-types@npm:15.7.4"
  checksum: ef6e1899e59b876c273811b1bd845022fc66d5a3d11cb38a25b6c566b30514ae38fe20a40f67622f362a4f4f7f9224e22d8da101cff3d6e97e11d7b4c307cfc1
  languageName: node
  linkType: hard

"@types/react-dom@npm:^17.0.11":
  version: 17.0.11
  resolution: "@types/react-dom@npm:17.0.11"
  dependencies:
    "@types/react": "*"
  checksum: 4d5730dffbef86c887cecad7e3cecda424ce6a64d0b5441c63b5b015d48219868660a2bb1aa15e897e565ad8867fa6b885d4358b04e1c4e589ba4c07c3fda55c
  languageName: node
  linkType: hard

"@types/react@npm:*, @types/react@npm:^17.0.38":
  version: 17.0.38
  resolution: "@types/react@npm:17.0.38"
  dependencies:
    "@types/prop-types": "*"
    "@types/scheduler": "*"
    csstype: ^3.0.2
  checksum: 4079f4f959cd4a4bfaeda8b89fe8a1b1f8bdc9d87acfdc5f74a0b39cec9ec6a470724357c62778c0f063180b360c250e920c5a142f1dbcda67d9cc25a6d43a85
  languageName: node
  linkType: hard

"@types/scheduler@npm:*":
  version: 0.16.2
  resolution: "@types/scheduler@npm:0.16.2"
  checksum: b6b4dcfeae6deba2e06a70941860fb1435730576d3689225a421280b7742318d1548b3d22c1f66ab68e414f346a9542f29240bc955b6332c5b11e561077583bc
  languageName: node
  linkType: hard

"@yarnpkg/esbuild-plugin-pnp@npm:^2.0.0":
  version: 2.0.0
  resolution: "@yarnpkg/esbuild-plugin-pnp@npm:2.0.0"
  dependencies:
    tslib: ^1.13.0
  peerDependencies:
    esbuild: ">=0.10.0"
  checksum: 7b98034f4c0931aa15e9cb2c77c5c485d89df3af31f1ea8223411f8880a2fbe88377d9f71ff45c04aecbcc8b2b47e167991a0f948dc2ec1f4a6ee026fea1fe9d
  languageName: node
  linkType: hard

"async@npm:^2.6.2":
  version: 2.6.3
  resolution: "async@npm:2.6.3"
  dependencies:
    lodash: ^4.17.14
  checksum: 5e5561ff8fca807e88738533d620488ac03a5c43fce6c937451f7e35f943d33ad06c24af3f681a48cca3d2b0002b3118faff0a128dc89438a9bf0226f712c499
  languageName: node
  linkType: hard

"basic-auth@npm:^2.0.1":
  version: 2.0.1
  resolution: "basic-auth@npm:2.0.1"
  dependencies:
    safe-buffer: 5.1.2
  checksum: 3419b805d5dfc518f3a05dcf42aa53aa9ce820e50b6df5097f9e186322e1bc733c36722b624802cd37e791035aa73b828ed814d8362333d42d7f5cd04d7a5e48
  languageName: node
  linkType: hard

"call-bind@npm:^1.0.0":
  version: 1.0.2
  resolution: "call-bind@npm:1.0.2"
  dependencies:
    function-bind: ^1.1.1
    get-intrinsic: ^1.0.2
  checksum: f8e31de9d19988a4b80f3e704788c4a2d6b6f3d17cfec4f57dc29ced450c53a49270dc66bf0fbd693329ee948dd33e6c90a329519aef17474a4d961e8d6426b0
  languageName: node
  linkType: hard

"colors@npm:^1.4.0":
  version: 1.4.0
  resolution: "colors@npm:1.4.0"
  checksum: 98aa2c2418ad87dedf25d781be69dc5fc5908e279d9d30c34d8b702e586a0474605b3a189511482b9d5ed0d20c867515d22749537f7bc546256c6014f3ebdcec
  languageName: node
  linkType: hard

"corser@npm:^2.0.1":
  version: 2.0.1
  resolution: "corser@npm:2.0.1"
  checksum: 9ff6944eda760c8c3118747a636afc3ede53b41e7b9960513a15b88032209a728e630ae4b41e20a941e34da129fe9094d1f5d95123ef64ac2e16cdad8dce9c87
  languageName: node
  linkType: hard

"csstype@npm:^3.0.2":
  version: 3.0.10
  resolution: "csstype@npm:3.0.10"
  checksum: 20a8fa324f2b33ddf94aa7507d1b6ab3daa6f3cc308888dc50126585d7952f2471de69b2dbe0635d1fdc31223fef8e070842691877e725caf456e2378685a631
  languageName: node
  linkType: hard

"debug@npm:^3.1.1":
  version: 3.2.7
  resolution: "debug@npm:3.2.7"
  dependencies:
    ms: ^2.1.1
  checksum: b3d8c5940799914d30314b7c3304a43305fd0715581a919dacb8b3176d024a782062368405b47491516d2091d6462d4d11f2f4974a405048094f8bfebfa3071c
  languageName: node
  linkType: hard

"esbuild-android-arm64@npm:0.14.9":
  version: 0.14.9
  resolution: "esbuild-android-arm64@npm:0.14.9"
  conditions: os=android & cpu=arm64
  languageName: node
  linkType: hard

"esbuild-darwin-64@npm:0.14.9":
  version: 0.14.9
  resolution: "esbuild-darwin-64@npm:0.14.9"
  conditions: os=darwin & cpu=x64
  languageName: node
  linkType: hard

"esbuild-darwin-arm64@npm:0.14.9":
  version: 0.14.9
  resolution: "esbuild-darwin-arm64@npm:0.14.9"
  conditions: os=darwin & cpu=arm64
  languageName: node
  linkType: hard

"esbuild-freebsd-64@npm:0.14.9":
  version: 0.14.9
  resolution: "esbuild-freebsd-64@npm:0.14.9"
  conditions: os=freebsd & cpu=x64
  languageName: node
  linkType: hard

"esbuild-freebsd-arm64@npm:0.14.9":
  version: 0.14.9
  resolution: "esbuild-freebsd-arm64@npm:0.14.9"
  conditions: os=freebsd & cpu=arm64
  languageName: node
  linkType: hard

"esbuild-linux-32@npm:0.14.9":
  version: 0.14.9
  resolution: "esbuild-linux-32@npm:0.14.9"
  conditions: os=linux & cpu=ia32
  languageName: node
  linkType: hard

"esbuild-linux-64@npm:0.14.9":
  version: 0.14.9
  resolution: "esbuild-linux-64@npm:0.14.9"
  conditions: os=linux & cpu=x64
  languageName: node
  linkType: hard

"esbuild-linux-arm64@npm:0.14.9":
  version: 0.14.9
  resolution: "esbuild-linux-arm64@npm:0.14.9"
  conditions: os=linux & cpu=arm64
  languageName: node
  linkType: hard

"esbuild-linux-arm@npm:0.14.9":
  version: 0.14.9
  resolution: "esbuild-linux-arm@npm:0.14.9"
  conditions: os=linux & cpu=arm
  languageName: node
  linkType: hard

"esbuild-linux-mips64le@npm:0.14.9":
  version: 0.14.9
  resolution: "esbuild-linux-mips64le@npm:0.14.9"
  conditions: os=linux & cpu=mips64el
  languageName: node
  linkType: hard

"esbuild-linux-ppc64le@npm:0.14.9":
  version: 0.14.9
  resolution: "esbuild-linux-ppc64le@npm:0.14.9"
  conditions: os=linux & cpu=ppc64
  languageName: node
  linkType: hard

"esbuild-linux-s390x@npm:0.14.9":
  version: 0.14.9
  resolution: "esbuild-linux-s390x@npm:0.14.9"
  conditions: os=linux & cpu=s390x
  languageName: node
  linkType: hard

"esbuild-netbsd-64@npm:0.14.9":
  version: 0.14.9
  resolution: "esbuild-netbsd-64@npm:0.14.9"
  conditions: os=netbsd & cpu=x64
  languageName: node
  linkType: hard

"esbuild-openbsd-64@npm:0.14.9":
  version: 0.14.9
  resolution: "esbuild-openbsd-64@npm:0.14.9"
  conditions: os=openbsd & cpu=x64
  languageName: node
  linkType: hard

"esbuild-sunos-64@npm:0.14.9":
  version: 0.14.9
  resolution: "esbuild-sunos-64@npm:0.14.9"
  conditions: os=sunos & cpu=x64
  languageName: node
  linkType: hard

"esbuild-windows-32@npm:0.14.9":
  version: 0.14.9
  resolution: "esbuild-windows-32@npm:0.14.9"
  conditions: os=win32 & cpu=ia32
  languageName: node
  linkType: hard

"esbuild-windows-64@npm:0.14.9":
  version: 0.14.9
  resolution: "esbuild-windows-64@npm:0.14.9"
  conditions: os=win32 & cpu=x64
  languageName: node
  linkType: hard

"esbuild-windows-arm64@npm:0.14.9":
  version: 0.14.9
  resolution: "esbuild-windows-arm64@npm:0.14.9"
  conditions: os=win32 & cpu=arm64
  languageName: node
  linkType: hard

"esbuild@npm:^0.14.9":
  version: 0.14.9
  resolution: "esbuild@npm:0.14.9"
  dependencies:
    esbuild-android-arm64: 0.14.9
    esbuild-darwin-64: 0.14.9
    esbuild-darwin-arm64: 0.14.9
    esbuild-freebsd-64: 0.14.9
    esbuild-freebsd-arm64: 0.14.9
    esbuild-linux-32: 0.14.9
    esbuild-linux-64: 0.14.9
    esbuild-linux-arm: 0.14.9
    esbuild-linux-arm64: 0.14.9
    esbuild-linux-mips64le: 0.14.9
    esbuild-linux-ppc64le: 0.14.9
    esbuild-linux-s390x: 0.14.9
    esbuild-netbsd-64: 0.14.9
    esbuild-openbsd-64: 0.14.9
    esbuild-sunos-64: 0.14.9
    esbuild-windows-32: 0.14.9
    esbuild-windows-64: 0.14.9
    esbuild-windows-arm64: 0.14.9
  dependenciesMeta:
    esbuild-android-arm64:
      optional: true
    esbuild-darwin-64:
      optional: true
    esbuild-darwin-arm64:
      optional: true
    esbuild-freebsd-64:
      optional: true
    esbuild-freebsd-arm64:
      optional: true
    esbuild-linux-32:
      optional: true
    esbuild-linux-64:
      optional: true
    esbuild-linux-arm:
      optional: true
    esbuild-linux-arm64:
      optional: true
    esbuild-linux-mips64le:
      optional: true
    esbuild-linux-ppc64le:
      optional: true
    esbuild-linux-s390x:
      optional: true
    esbuild-netbsd-64:
      optional: true
    esbuild-openbsd-64:
      optional: true
    esbuild-sunos-64:
      optional: true
    esbuild-windows-32:
      optional: true
    esbuild-windows-64:
      optional: true
    esbuild-windows-arm64:
      optional: true
  bin:
    esbuild: bin/esbuild
  checksum: 43664678c2ce281ad0ab4896bca65f461cd617d7b807b0c737540d3c46928c305f6c91c211e2866aac4aade48e61bd19875e3571c0d3e2cf49b2cdbf4c241d97
  languageName: node
  linkType: hard

"eventemitter3@npm:^4.0.0":
  version: 4.0.7
  resolution: "eventemitter3@npm:4.0.7"
  checksum: 1875311c42fcfe9c707b2712c32664a245629b42bb0a5a84439762dd0fd637fc54d078155ea83c2af9e0323c9ac13687e03cfba79b03af9f40c89b4960099374
  languageName: node
  linkType: hard

"follow-redirects@npm:^1.0.0":
  version: 1.14.6
  resolution: "follow-redirects@npm:1.14.6"
  peerDependenciesMeta:
    debug:
      optional: true
  checksum: 7fcdb089a733d2aa39041880790e9f772df009fcd0b243fee7e10acf0e14a8dab5208cf79eb1de35b9cc6033d4dde7f95becadfaa360c50d460b4c730b375e80
  languageName: node
  linkType: hard

"function-bind@npm:^1.1.1":
  version: 1.1.1
  resolution: "function-bind@npm:1.1.1"
  checksum: b32fbaebb3f8ec4969f033073b43f5c8befbb58f1a79e12f1d7490358150359ebd92f49e72ff0144f65f2c48ea2a605bff2d07965f548f6474fd8efd95bf361a
  languageName: node
  linkType: hard

"get-intrinsic@npm:^1.0.2":
  version: 1.1.1
  resolution: "get-intrinsic@npm:1.1.1"
  dependencies:
    function-bind: ^1.1.1
    has: ^1.0.3
    has-symbols: ^1.0.1
  checksum: a9fe2ca8fa3f07f9b0d30fb202bcd01f3d9b9b6b732452e79c48e79f7d6d8d003af3f9e38514250e3553fdc83c61650851cb6870832ac89deaaceb08e3721a17
  languageName: node
  linkType: hard

"has-symbols@npm:^1.0.1":
  version: 1.0.2
  resolution: "has-symbols@npm:1.0.2"
  checksum: 2309c426071731be792b5be43b3da6fb4ed7cbe8a9a6bcfca1862587709f01b33d575ce8f5c264c1eaad09fca2f9a8208c0a2be156232629daa2dd0c0740976b
  languageName: node
  linkType: hard

"has@npm:^1.0.3":
  version: 1.0.3
  resolution: "has@npm:1.0.3"
  dependencies:
    function-bind: ^1.1.1
  checksum: b9ad53d53be4af90ce5d1c38331e712522417d017d5ef1ebd0507e07c2fbad8686fffb8e12ddecd4c39ca9b9b47431afbb975b8abf7f3c3b82c98e9aad052792
  languageName: node
  linkType: hard

"he@npm:^1.2.0":
  version: 1.2.0
  resolution: "he@npm:1.2.0"
  bin:
    he: bin/he
  checksum: 3d4d6babccccd79c5c5a3f929a68af33360d6445587d628087f39a965079d84f18ce9c3d3f917ee1e3978916fc833bb8b29377c3b403f919426f91bc6965e7a7
  languageName: node
  linkType: hard

"html-encoding-sniffer@npm:^3.0.0":
  version: 3.0.0
  resolution: "html-encoding-sniffer@npm:3.0.0"
  dependencies:
    whatwg-encoding: ^2.0.0
  checksum: 8d806aa00487e279e5ccb573366a951a9f68f65c90298eac9c3a2b440a7ffe46615aff2995a2f61c6746c639234e6179a97e18ca5ccbbf93d3725ef2099a4502
  languageName: node
  linkType: hard

"http-proxy@npm:^1.18.1":
  version: 1.18.1
  resolution: "http-proxy@npm:1.18.1"
  dependencies:
    eventemitter3: ^4.0.0
    follow-redirects: ^1.0.0
    requires-port: ^1.0.0
  checksum: f5bd96bf83e0b1e4226633dbb51f8b056c3e6321917df402deacec31dd7fe433914fc7a2c1831cf7ae21e69c90b3a669b8f434723e9e8b71fd68afe30737b6a5
  languageName: node
  linkType: hard

"http-server@npm:^14.0.0":
  version: 14.0.0
  resolution: "http-server@npm:14.0.0"
  dependencies:
    basic-auth: ^2.0.1
    colors: ^1.4.0
    corser: ^2.0.1
    he: ^1.2.0
    html-encoding-sniffer: ^3.0.0
    http-proxy: ^1.18.1
    mime: ^1.6.0
    minimist: ^1.2.5
    opener: ^1.5.1
    portfinder: ^1.0.28
    secure-compare: 3.0.1
    union: ~0.5.0
    url-join: ^4.0.1
  bin:
    http-server: bin/http-server
  checksum: 2b7d0f86e7779aafca3a19c5f6a2452c54e3d1cb31656f0ea26b45e86ebbaea713634d9d04eb48101bb84dcce5ebad4c0359d43c7f5f51c5846cda257a30b20b
  languageName: node
  linkType: hard

"iconv-lite@npm:0.6.3":
  version: 0.6.3
  resolution: "iconv-lite@npm:0.6.3"
  dependencies:
    safer-buffer: ">= 2.1.2 < 3.0.0"
  checksum: 3f60d47a5c8fc3313317edfd29a00a692cc87a19cac0159e2ce711d0ebc9019064108323b5e493625e25594f11c6236647d8e256fbe7a58f4a3b33b89e6d30bf
  languageName: node
  linkType: hard

"js-tokens@npm:^3.0.0 || ^4.0.0":
  version: 4.0.0
  resolution: "js-tokens@npm:4.0.0"
  checksum: 8a95213a5a77deb6cbe94d86340e8d9ace2b93bc367790b260101d2f36a2eaf4e4e22d9fa9cf459b38af3a32fb4190e638024cf82ec95ef708680e405ea7cc78
  languageName: node
  linkType: hard

"lodash@npm:^4.17.14":
  version: 4.17.21
  resolution: "lodash@npm:4.17.21"
  checksum: eb835a2e51d381e561e508ce932ea50a8e5a68f4ebdd771ea240d3048244a8d13658acbd502cd4829768c56f2e16bdd4340b9ea141297d472517b83868e677f7
  languageName: node
  linkType: hard

"loose-envify@npm:^1.1.0":
  version: 1.4.0
  resolution: "loose-envify@npm:1.4.0"
  dependencies:
    js-tokens: ^3.0.0 || ^4.0.0
  bin:
    loose-envify: cli.js
  checksum: 6517e24e0cad87ec9888f500c5b5947032cdfe6ef65e1c1936a0c48a524b81e65542c9c3edc91c97d5bddc806ee2a985dbc79be89215d613b1de5db6d1cfe6f4
  languageName: node
  linkType: hard

"mime@npm:^1.6.0":
  version: 1.6.0
  resolution: "mime@npm:1.6.0"
  bin:
    mime: cli.js
  checksum: fef25e39263e6d207580bdc629f8872a3f9772c923c7f8c7e793175cee22777bbe8bba95e5d509a40aaa292d8974514ce634ae35769faa45f22d17edda5e8557
  languageName: node
  linkType: hard

"minimist@npm:^1.2.5":
  version: 1.2.5
  resolution: "minimist@npm:1.2.5"
  checksum: 86706ce5b36c16bfc35c5fe3dbb01d5acdc9a22f2b6cc810b6680656a1d2c0e44a0159c9a3ba51fb072bb5c203e49e10b51dcd0eec39c481f4c42086719bae52
  languageName: node
  linkType: hard

"mkdirp@npm:^0.5.5":
  version: 0.5.5
  resolution: "mkdirp@npm:0.5.5"
  dependencies:
    minimist: ^1.2.5
  bin:
    mkdirp: bin/cmd.js
  checksum: 3bce20ea525f9477befe458ab85284b0b66c8dc3812f94155af07c827175948cdd8114852ac6c6d82009b13c1048c37f6d98743eb019651ee25c39acc8aabe7d
  languageName: node
  linkType: hard

"ms@npm:^2.1.1":
  version: 2.1.3
  resolution: "ms@npm:2.1.3"
  checksum: aa92de608021b242401676e35cfa5aa42dd70cbdc082b916da7fb925c542173e36bce97ea3e804923fe92c0ad991434e4a38327e15a1b5b5f945d66df615ae6d
  languageName: node
  linkType: hard

"object-assign@npm:^4.1.1":
  version: 4.1.1
  resolution: "object-assign@npm:4.1.1"
  checksum: fcc6e4ea8c7fe48abfbb552578b1c53e0d194086e2e6bbbf59e0a536381a292f39943c6e9628af05b5528aa5e3318bb30d6b2e53cadaf5b8fe9e12c4b69af23f
  languageName: node
  linkType: hard

"object-inspect@npm:^1.9.0":
  version: 1.12.0
  resolution: "object-inspect@npm:1.12.0"
  checksum: 2b36d4001a9c921c6b342e2965734519c9c58c355822243c3207fbf0aac271f8d44d30d2d570d450b2cc6f0f00b72bcdba515c37827d2560e5f22b1899a31cf4
  languageName: node
  linkType: hard

"opener@npm:^1.5.1":
  version: 1.5.2
  resolution: "opener@npm:1.5.2"
  bin:
    opener: bin/opener-bin.js
  checksum: 33b620c0d53d5b883f2abc6687dd1c5fd394d270dbe33a6356f2d71e0a2ec85b100d5bac94694198ccf5c30d592da863b2292c5539009c715a9c80c697b4f6cc
  languageName: node
  linkType: hard

"portfinder@npm:^1.0.28":
  version: 1.0.28
  resolution: "portfinder@npm:1.0.28"
  dependencies:
    async: ^2.6.2
    debug: ^3.1.1
    mkdirp: ^0.5.5
  checksum: 91fef602f13f8f4c64385d0ad2a36cc9dc6be0b8d10a2628ee2c3c7b9917ab4fefb458815b82cea2abf4b785cd11c9b4e2d917ac6fa06f14b6fa880ca8f8928c
  languageName: node
  linkType: hard

"problonde web@workspace:.":
  version: 0.0.0-use.local
  resolution: "problonde web@workspace:."
  dependencies:
    "@types/react": ^17.0.38
    "@types/react-dom": ^17.0.11
    "@yarnpkg/esbuild-plugin-pnp": ^2.0.0
    esbuild: ^0.14.9
    http-server: ^14.0.0
    react: ^17.0.2
    react-dom: ^17.0.2
    typescript: ^4.5.4
  languageName: unknown
  linkType: soft

"qs@npm:^6.4.0":
  version: 6.10.2
  resolution: "qs@npm:6.10.2"
  dependencies:
    side-channel: ^1.0.4
  checksum: 46fcc8f75a062524b91f9bf6b3843f346135b27d91c2a2dc3eb7ef9e34435703fd52e16d927f8864fd572d4b0ebc5a40a00649535108b8e8ea845a861b414369
  languageName: node
  linkType: hard

"react-dom@npm:^17.0.2":
  version: 17.0.2
  resolution: "react-dom@npm:17.0.2"
  dependencies:
    loose-envify: ^1.1.0
    object-assign: ^4.1.1
    scheduler: ^0.20.2
  peerDependencies:
    react: 17.0.2
  checksum: 1c1eaa3bca7c7228d24b70932e3d7c99e70d1d04e13bb0843bbf321582bc25d7961d6b8a6978a58a598af2af496d1cedcfb1bf65f6b0960a0a8161cb8dab743c
  languageName: node
  linkType: hard

"react@npm:^17.0.2":
  version: 17.0.2
  resolution: "react@npm:17.0.2"
  dependencies:
    loose-envify: ^1.1.0
    object-assign: ^4.1.1
  checksum: b254cc17ce3011788330f7bbf383ab653c6848902d7936a87b09d835d091e3f295f7e9dd1597c6daac5dc80f90e778c8230218ba8ad599f74adcc11e33b9d61b
  languageName: node
  linkType: hard

"requires-port@npm:^1.0.0":
  version: 1.0.0
  resolution: "requires-port@npm:1.0.0"
  checksum: eee0e303adffb69be55d1a214e415cf42b7441ae858c76dfc5353148644f6fd6e698926fc4643f510d5c126d12a705e7c8ed7e38061113bdf37547ab356797ff
  languageName: node
  linkType: hard

"safe-buffer@npm:5.1.2":
  version: 5.1.2
  resolution: "safe-buffer@npm:5.1.2"
  checksum: f2f1f7943ca44a594893a852894055cf619c1fbcb611237fc39e461ae751187e7baf4dc391a72125e0ac4fb2d8c5c0b3c71529622e6a58f46b960211e704903c
  languageName: node
  linkType: hard

"safer-buffer@npm:>= 2.1.2 < 3.0.0":
  version: 2.1.2
  resolution: "safer-buffer@npm:2.1.2"
  checksum: cab8f25ae6f1434abee8d80023d7e72b598cf1327164ddab31003c51215526801e40b66c5e65d658a0af1e9d6478cadcb4c745f4bd6751f97d8644786c0978b0
  languageName: node
  linkType: hard

"scheduler@npm:^0.20.2":
  version: 0.20.2
  resolution: "scheduler@npm:0.20.2"
  dependencies:
    loose-envify: ^1.1.0
    object-assign: ^4.1.1
  checksum: c4b35cf967c8f0d3e65753252d0f260271f81a81e427241295c5a7b783abf4ea9e905f22f815ab66676f5313be0a25f47be582254db8f9241b259213e999b8fc
  languageName: node
  linkType: hard

"secure-compare@npm:3.0.1":
  version: 3.0.1
  resolution: "secure-compare@npm:3.0.1"
  checksum: 0a8d8d3e54d5772d2cf1c02325f01fc7366d0bd33f964a08a84fe3ee5f34d46435a6ae729c1d239c750e160ef9b58c764d3efb945a1d07faf47978a8e4161594
  languageName: node
  linkType: hard

"side-channel@npm:^1.0.4":
  version: 1.0.4
  resolution: "side-channel@npm:1.0.4"
  dependencies:
    call-bind: ^1.0.0
    get-intrinsic: ^1.0.2
    object-inspect: ^1.9.0
  checksum: 351e41b947079c10bd0858364f32bb3a7379514c399edb64ab3dce683933483fc63fb5e4efe0a15a2e8a7e3c436b6a91736ddb8d8c6591b0460a24bb4a1ee245
  languageName: node
  linkType: hard

"tslib@npm:^1.13.0":
  version: 1.14.1
  resolution: "tslib@npm:1.14.1"
  checksum: dbe628ef87f66691d5d2959b3e41b9ca0045c3ee3c7c7b906cc1e328b39f199bb1ad9e671c39025bd56122ac57dfbf7385a94843b1cc07c60a4db74795829acd
  languageName: node
  linkType: hard

"typescript@npm:^4.5.4":
  version: 4.5.4
  resolution: "typescript@npm:4.5.4"
  bin:
    tsc: bin/tsc
    tsserver: bin/tsserver
  checksum: 59f3243f9cd6fe3161e6150ff6bf795fc843b4234a655dbd938a310515e0d61afd1ac942799e7415e4334255e41c2c49b7dd5d9fd38a17acd25a6779ca7e0961
  languageName: node
  linkType: hard

"typescript@patch:typescript@^4.5.4#~builtin<compat/typescript>":
  version: 4.5.4
  resolution: "typescript@patch:typescript@npm%3A4.5.4#~builtin<compat/typescript>::version=4.5.4&hash=493e53"
  bin:
    tsc: bin/tsc
    tsserver: bin/tsserver
  checksum: 2e488dde7d2c4a2fa2e79cf2470600f8ce81bc0563c276b72df8ff412d74456ae532ba824650ae936ce207440c79720ddcfaa25e3cb4477572b8534fa4e34d49
  languageName: node
  linkType: hard

"union@npm:~0.5.0":
  version: 0.5.0
  resolution: "union@npm:0.5.0"
  dependencies:
    qs: ^6.4.0
  checksum: 021530d02363fb7470ce45d4cb06ae28a97d5a245666e6d0fca6bab0673bea8c7988e7d2f8046acfbab120908cedcb099ca216b357d4483bcd96518b39101be0
  languageName: node
  linkType: hard

"url-join@npm:^4.0.1":
  version: 4.0.1
  resolution: "url-join@npm:4.0.1"
  checksum: f74e868bf25dbc8be6a8d7237d4c36bb5b6c62c72e594d5ab1347fe91d6af7ccd9eb5d621e30152e4da45c2e9a26bec21390e911ab54a62d4d82e76028374ee5
  languageName: node
  linkType: hard

"whatwg-encoding@npm:^2.0.0":
  version: 2.0.0
  resolution: "whatwg-encoding@npm:2.0.0"
  dependencies:
    iconv-lite: 0.6.3
  checksum: 7087810c410aa9b689cbd6af8773341a53cdc1f3aae2a882c163bd5522ec8ca4cdfc269aef417a5792f411807d5d77d50df4c24e3abb00bb60192858a40cc675
  languageName: node
  linkType: hard
